<?xml version="1.0" encoding="utf-8"?>
<Project ToolsVersion="4.0" xmlns="http://schemas.microsoft.com/developer/msbuild/2003">
  <ItemGroup>
    <Filter Include="Source Files">
      <UniqueIdentifier>{4FC737F1-C7A5-4376-A066-2A32D752A2FF}</UniqueIdentifier>
      <Extensions>cpp;c;cc;cxx;def;odl;idl;hpj;bat;asm;asmx</Extensions>
    </Filter>
    <Filter Include="Header Files">
      <UniqueIdentifier>{93995380-89BD-4b04-88EB-625FBE52EBFB}</UniqueIdentifier>
      <Extensions>h;hpp;hxx;hm;inl;inc;xsd</Extensions>
    </Filter>
    <Filter Include="Resource Files">
      <UniqueIdentifier>{67DA6AB6-F800-4c08-8B7A-83BB121AAD01}</UniqueIdentifier>
      <Extensions>rc;ico;cur;bmp;dlg;rc2;rct;bin;rgs;gif;jpg;jpeg;jpe;resx;tiff;tif;png;wav</Extensions>
    </Filter>
    <Filter Include="SourceMod SDK">
      <UniqueIdentifier>{31958233-BB2D-4e41-A8F9-CE8A4684F436}</UniqueIdentifier>
    </Filter>
  </ItemGroup>
  <ItemGroup>
    <ClCompile Include="..\asm\asm.c">
      <Filter>Source Files</Filter>
    </ClCompile>
    <ClCompile Include="..\extension.cpp">
      <Filter>Source Files</Filter>
    </ClCompile>
    <ClCompile Include="..\sdk\smsdk_ext.cpp">
      <Filter>SourceMod SDK</Filter>
    </ClCompile>
    <ClCompile Include="..\routine.cpp">
      <Filter>Source Files</Filter>
    </ClCompile>
    <ClCompile Include="..\util.cpp">
      <Filter>Source Files</Filter>
    </ClCompile>
    <ClCompile Include="..\codepatch\patchmanager.cpp">
      <Filter>Source Files</Filter>
    </ClCompile>
    <ClCompile Include="..\detours\detour.cpp">
      <Filter>Source Files</Filter>
    </ClCompile>
    <ClCompile Include="..\detours\on_get_completion_by_character.cpp">
      <Filter>Source Files</Filter>
    </ClCompile>
    <ClCompile Include="..\detours\on_recompute_versus_completion.cpp">
      <Filter>Source Files</Filter>
    </ClCompile>
    <ClCompile Include="..\detours\on_revived_by_defib.cpp">
      <Filter>Source Files</Filter>
    </ClCompile>
    <ClCompile Include="..\codepatch\score_code_8.cpp">
      <Filter>Source Files</Filter>
    </ClCompile>
    <ClCompile Include="..\codepatch\score_code.cpp">
      <Filter>Source Files</Filter>
    </ClCompile>
  </ItemGroup>
  <ItemGroup>
    <ClInclude Include="..\sdk\smsdk_config.h">
      <Filter>SourceMod SDK</Filter>
    </ClInclude>
    <ClInclude Include="..\sdk\smsdk_ext.h">
      <Filter>SourceMod SDK</Filter>
    </ClInclude>
    <ClInclude Include="..\event_player_death.hpp">
      <Filter>Source Files</Filter>
    </ClInclude>
    <ClInclude Include="..\event_round_start.hpp">
      <Filter>Source Files</Filter>
    </ClInclude>
    <ClInclude Include="..\routine.h">
      <Filter>Source Files</Filter>
    </ClInclude>
    <ClInclude Include="..\util.h">
      <Filter>Source Files</Filter>
    </ClInclude>
    <ClInclude Include="..\asm\asm.h">
      <Filter>Source Files</Filter>
    </ClInclude>
    <ClInclude Include="..\CDetour\detourhelpers.h">
      <Filter>Source Files</Filter>
    </ClInclude>
    <ClInclude Include="..\CDetour\detours.h">
      <Filter>Source Files</Filter>
    </ClInclude>
    <ClInclude Include="..\extension.h">
      <Filter>Source Files</Filter>
    </ClInclude>
    <ClInclude Include="..\codepatch\autopatch.h">
      <Filter>Source Files</Filter>
    </ClInclude>
    <ClInclude Include="..\codepatch\icodepatch.h">
      <Filter>Source Files</Filter>
    </ClInclude>
    <ClInclude Include="..\codepatch\patchmanager.h">
      <Filter>Source Files</Filter>
    </ClInclude>
    <ClInclude Include="..\detours\auto_forward.h">
      <Filter>Source Files</Filter>
    </ClInclude>
    <ClInclude Include="..\detours\detour.h">
      <Filter>Source Files</Filter>
    </ClInclude>
    <ClInclude Include="..\detours\detour_template.h">
      <Filter>Source Files</Filter>
    </ClInclude>
    <ClInclude Include="..\detours\on_get_completion_by_character.h">
      <Filter>Source Files</Filter>
    </ClInclude>
    <ClInclude Include="..\detours\on_recompute_versus_completion.h">
      <Filter>Source Files</Filter>
    </ClInclude>
    <ClInclude Include="..\detours\on_revived_by_defib.h">
      <Filter>Source Files</Filter>
    </ClInclude>
    <ClInclude Include="..\codepatch\score_code_8.h">
      <Filter>Source Files</Filter>
    </ClInclude>
    <ClInclude Include="..\codepatch\score_code.h">
      <Filter>Source Files</Filter>
    </ClInclude>
  </ItemGroup>
</Project>